// !$*UTF8*$!
{
	archiveVersion = 1;
	classes = {
	};
	objectVersion = 48;
	objects = {

/* Begin PBXBuildFile section */
		5480D6F92094A79E00575B8E /* AppDelegate.m in Sources */ = {isa = PBXBuildFile; fileRef = 5480D6F82094A79E00575B8E /* AppDelegate.m */; };
		5480D6FF2094A79E00575B8E /* Main.storyboard in Resources */ = {isa = PBXBuildFile; fileRef = 5480D6FD2094A79E00575B8E /* Main.storyboard */; };
		5480D7012094A79E00575B8E /* Assets.xcassets in Resources */ = {isa = PBXBuildFile; fileRef = 5480D7002094A79E00575B8E /* Assets.xcassets */; };
		5480D7042094A79E00575B8E /* LaunchScreen.storyboard in Resources */ = {isa = PBXBuildFile; fileRef = 5480D7022094A79E00575B8E /* LaunchScreen.storyboard */; };
		5480D7072094A79E00575B8E /* main.m in Sources */ = {isa = PBXBuildFile; fileRef = 5480D7062094A79E00575B8E /* main.m */; };
		5480D7342094AAF900575B8E /* FirstCollectionViewController.m in Sources */ = {isa = PBXBuildFile; fileRef = 5480D72C2094AACD00575B8E /* FirstCollectionViewController.m */; };
		5480D7352094AAFF00575B8E /* SecondCollectionViewController.m in Sources */ = {isa = PBXBuildFile; fileRef = 5480D72E2094AACD00575B8E /* SecondCollectionViewController.m */; };
		5480D7362094AB0400575B8E /* CollectionReusableView.m in Sources */ = {isa = PBXBuildFile; fileRef = 5480D7312094AACD00575B8E /* CollectionReusableView.m */; };
		5480D7372094AB0900575B8E /* CollectionViewCell.m in Sources */ = {isa = PBXBuildFile; fileRef = 5480D7332094AACD00575B8E /* CollectionViewCell.m */; };
		5480D7382094AB0E00575B8E /* XPCollectionViewWaterfallFlowLayout.m in Sources */ = {isa = PBXBuildFile; fileRef = 5480D7292094AACD00575B8E /* XPCollectionViewWaterfallFlowLayout.m */; };
/* End PBXBuildFile section */

/* Begin PBXFileReference section */
		5480D6F42094A79E00575B8E /* Example.app */ = {isa = PBXFileReference; explicitFileType = wrapper.application; includeInIndex = 0; path = Example.app; sourceTree = BUILT_PRODUCTS_DIR; };
		5480D6F72094A79E00575B8E /* AppDelegate.h */ = {isa = PBXFileReference; lastKnownFileType = sourcecode.c.h; path = AppDelegate.h; sourceTree = "<group>"; };
		5480D6F82094A79E00575B8E /* AppDelegate.m */ = {isa = PBXFileReference; lastKnownFileType = sourcecode.c.objc; path = AppDelegate.m; sourceTree = "<group>"; };
		5480D6FE2094A79E00575B8E /* Base */ = {isa = PBXFileReference; lastKnownFileType = file.storyboard; name = Base; path = Base.lproj/Main.storyboard; sourceTree = "<group>"; };
		5480D7002094A79E00575B8E /* Assets.xcassets */ = {isa = PBXFileReference; lastKnownFileType = folder.assetcatalog; path = Assets.xcassets; sourceTree = "<group>"; };
		5480D7032094A79E00575B8E /* Base */ = {isa = PBXFileReference; lastKnownFileType = file.storyboard; name = Base; path = Base.lproj/LaunchScreen.storyboard; sourceTree = "<group>"; };
		5480D7052094A79E00575B8E /* Info.plist */ = {isa = PBXFileReference; lastKnownFileType = text.plist.xml; path = Info.plist; sourceTree = "<group>"; };
		5480D7062094A79E00575B8E /* main.m */ = {isa = PBXFileReference; lastKnownFileType = sourcecode.c.objc; path = main.m; sourceTree = "<group>"; };
		5480D7282094AACD00575B8E /* XPCollectionViewWaterfallFlowLayout.h */ = {isa = PBXFileReference; lastKnownFileType = sourcecode.c.h; path = XPCollectionViewWaterfallFlowLayout.h; sourceTree = "<group>"; };
		5480D7292094AACD00575B8E /* XPCollectionViewWaterfallFlowLayout.m */ = {isa = PBXFileReference; lastKnownFileType = sourcecode.c.objc; path = XPCollectionViewWaterfallFlowLayout.m; sourceTree = "<group>"; };
		5480D72B2094AACD00575B8E /* FirstCollectionViewController.h */ = {isa = PBXFileReference; lastKnownFileType = sourcecode.c.h; path = FirstCollectionViewController.h; sourceTree = "<group>"; };
		5480D72C2094AACD00575B8E /* FirstCollectionViewController.m */ = {isa = PBXFileReference; lastKnownFileType = sourcecode.c.objc; path = FirstCollectionViewController.m; sourceTree = "<group>"; };
		5480D72D2094AACD00575B8E /* SecondCollectionViewController.h */ = {isa = PBXFileReference; lastKnownFileType = sourcecode.c.h; path = SecondCollectionViewController.h; sourceTree = "<group>"; };
		5480D72E2094AACD00575B8E /* SecondCollectionViewController.m */ = {isa = PBXFileReference; lastKnownFileType = sourcecode.c.objc; path = SecondCollectionViewController.m; sourceTree = "<group>"; };
		5480D7302094AACD00575B8E /* CollectionReusableView.h */ = {isa = PBXFileReference; lastKnownFileType = sourcecode.c.h; path = CollectionReusableView.h; sourceTree = "<group>"; };
		5480D7312094AACD00575B8E /* CollectionReusableView.m */ = {isa = PBXFileReference; lastKnownFileType = sourcecode.c.objc; path = CollectionReusableView.m; sourceTree = "<group>"; };
		5480D7322094AACD00575B8E /* CollectionViewCell.h */ = {isa = PBXFileReference; lastKnownFileType = sourcecode.c.h; path = CollectionViewCell.h; sourceTree = "<group>"; };
		5480D7332094AACD00575B8E /* CollectionViewCell.m */ = {isa = PBXFileReference; lastKnownFileType = sourcecode.c.objc; path = CollectionViewCell.m; sourceTree = "<group>"; };
/* End PBXFileReference section */

/* Begin PBXFrameworksBuildPhase section */
		5480D6F12094A79E00575B8E /* Frameworks */ = {
			isa = PBXFrameworksBuildPhase;
			buildActionMask = 2147483647;
			files = (
			);
			runOnlyForDeploymentPostprocessing = 0;
		};
/* End PBXFrameworksBuildPhase section */

/* Begin PBXGroup section */
		5480D6EB2094A79E00575B8E = {
			isa = PBXGroup;
			children = (
				5480D6F62094A79E00575B8E /* Example */,
				5480D6F52094A79E00575B8E /* Products */,
			);
			sourceTree = "<group>";
		};
		5480D6F52094A79E00575B8E /* Products */ = {
			isa = PBXGroup;
			children = (
				5480D6F42094A79E00575B8E /* Example.app */,
			);
			name = Products;
			sourceTree = "<group>";
		};
		5480D6F62094A79E00575B8E /* Example */ = {
			isa = PBXGroup;
			children = (
				5480D72A2094AACD00575B8E /* Controller */,
				5480D72F2094AACD00575B8E /* View */,
				5480D7272094AACD00575B8E /* WaterfallLayout */,
				5480D6F72094A79E00575B8E /* AppDelegate.h */,
				5480D6F82094A79E00575B8E /* AppDelegate.m */,
				5480D6FD2094A79E00575B8E /* Main.storyboard */,
				5480D7002094A79E00575B8E /* Assets.xcassets */,
				5480D7022094A79E00575B8E /* LaunchScreen.storyboard */,
				5480D7052094A79E00575B8E /* Info.plist */,
				5480D7062094A79E00575B8E /* main.m */,
			);
			path = Example;
			sourceTree = "<group>";
		};
		5480D7272094AACD00575B8E /* WaterfallLayout */ = {
			isa = PBXGroup;
			children = (
				5480D7282094AACD00575B8E /* XPCollectionViewWaterfallFlowLayout.h */,
				5480D7292094AACD00575B8E /* XPCollectionViewWaterfallFlowLayout.m */,
			);
			path = WaterfallLayout;
			sourceTree = "<group>";
		};
		5480D72A2094AACD00575B8E /* Controller */ = {
			isa = PBXGroup;
			children = (
				5480D72B2094AACD00575B8E /* FirstCollectionViewController.h */,
				5480D72C2094AACD00575B8E /* FirstCollectionViewController.m */,
				5480D72D2094AACD00575B8E /* SecondCollectionViewController.h */,
				5480D72E2094AACD00575B8E /* SecondCollectionViewController.m */,
			);
			path = Controller;
			sourceTree = "<group>";
		};
		5480D72F2094AACD00575B8E /* View */ = {
			isa = PBXGroup;
			children = (
				5480D7302094AACD00575B8E /* CollectionReusableView.h */,
				5480D7312094AACD00575B8E /* CollectionReusableView.m */,
				5480D7322094AACD00575B8E /* CollectionViewCell.h */,
				5480D7332094AACD00575B8E /* CollectionViewCell.m */,
			);
			path = View;
			sourceTree = "<group>";
		};
/* End PBXGroup section */

/* Begin PBXNativeTarget section */
		5480D6F32094A79E00575B8E /* Example */ = {
			isa = PBXNativeTarget;
			buildConfigurationList = 5480D70A2094A79E00575B8E /* Build configuration list for PBXNativeTarget "Example" */;
			buildPhases = (
				5480D6F02094A79E00575B8E /* Sources */,
				5480D6F12094A79E00575B8E /* Frameworks */,
				5480D6F22094A79E00575B8E /* Resources */,
			);
			buildRules = (
			);
			dependencies = (
			);
			name = Example;
			productName = Example;
			productReference = 5480D6F42094A79E00575B8E /* Example.app */;
			productType = "com.apple.product-type.application";
		};
/* End PBXNativeTarget section */

/* Begin PBXProject section */
		5480D6EC2094A79E00575B8E /* Project object */ = {
			isa = PBXProject;
			attributes = {
				LastUpgradeCheck = 0900;
				ORGANIZATIONNAME = xiaopin;
				TargetAttributes = {
					5480D6F32094A79E00575B8E = {
						CreatedOnToolsVersion = 9.0;
						ProvisioningStyle = Automatic;
					};
				};
			};
			buildConfigurationList = 5480D6EF2094A79E00575B8E /* Build configuration list for PBXProject "Example" */;
			compatibilityVersion = "Xcode 8.0";
			developmentRegion = en;
			hasScannedForEncodings = 0;
			knownRegions = (
				en,
				Base,
			);
			mainGroup = 5480D6EB2094A79E00575B8E;
			productRefGroup = 5480D6F52094A79E00575B8E /* Products */;
			projectDirPath = "";
			projectRoot = "";
			targets = (
				5480D6F32094A79E00575B8E /* Example */,
			);
		};
/* End PBXProject section */

/* Begin PBXResourcesBuildPhase section */
		5480D6F22094A79E00575B8E /* Resources */ = {
			isa = PBXResourcesBuildPhase;
			buildActionMask = 2147483647;
			files = (
				5480D7042094A79E00575B8E /* LaunchScreen.storyboard in Resources */,
				5480D7012094A79E00575B8E /* Assets.xcassets in Resources */,
				5480D6FF2094A79E00575B8E /* Main.storyboard in Resources */,
			);
			runOnlyForDeploymentPostprocessing = 0;
		};
/* End PBXResourcesBuildPhase section */

/* Begin PBXSourcesBuildPhase section */
		5480D6F02094A79E00575B8E /* Sources */ = {
			isa = PBXSourcesBuildPhase;
			buildActionMask = 2147483647;
			files = (
				5480D7382094AB0E00575B8E /* XPCollectionViewWaterfallFlowLayout.m in Sources */,
				5480D7372094AB0900575B8E /* CollectionViewCell.m in Sources */,
				5480D7362094AB0400575B8E /* CollectionReusableView.m in Sources */,
				5480D7352094AAFF00575B8E /* SecondCollectionViewController.m in Sources */,
				5480D7342094AAF900575B8E /* FirstCollectionViewController.m in Sources */,
				5480D7072094A79E00575B8E /* main.m in Sources */,
				5480D6F92094A79E00575B8E /* AppDelegate.m in Sources */,
			);
			runOnlyForDeploymentPostprocessing = 0;
		};
/* End PBXSourcesBuildPhase section */

/* Begin PBXVariantGroup section */
		5480D6FD2094A79E00575B8E /* Main.storyboard */ = {
			isa = PBXVariantGroup;
			children = (
				5480D6FE2094A79E00575B8E /* Base */,
			);
			name = Main.storyboard;
			sourceTree = "<group>";
		};
		5480D7022094A79E00575B8E /* LaunchScreen.storyboard */ = {
			isa = PBXVariantGroup;
			children = (
				5480D7032094A79E00575B8E /* Base */,
			);
			name = LaunchScreen.storyboard;
			sourceTree = "<group>";
		};
/* End PBXVariantGroup section */

/* Begin XCBuildConfiguration section */
		5480D7082094A79E00575B8E /* Debug */ = {
			isa = XCBuildConfiguration;
			buildSettings = {
				ALWAYS_SEARCH_USER_PATHS = NO;
				CLANG_ANALYZER_NONNULL = YES;
				CLANG_ANALYZER_NUMBER_OBJECT_CONVERSION = YES_AGGRESSIVE;
				CLANG_CXX_LANGUAGE_STANDARD = "gnu++14";
				CLANG_CXX_LIBRARY = "libc++";
				CLANG_ENABLE_MODULES = YES;
				CLANG_ENABLE_OBJC_ARC = YES;
				CLANG_WARN_BLOCK_CAPTURE_AUTORELEASING = YES;
				CLANG_WARN_BOOL_CONVERSION = YES;
				CLANG_WARN_COMMA = YES;
				CLANG_WARN_CONSTANT_CONVERSION = YES;
				CLANG_WARN_DIRECT_OBJC_ISA_USAGE = YES_ERROR;
				CLANG_WARN_DOCUMENTATION_COMMENTS = YES;
				CLANG_WARN_EMPTY_BODY = YES;
				CLANG_WARN_ENUM_CONVERSION = YES;
				CLANG_WARN_INFINITE_RECURSION = YES;
				CLANG_WARN_INT_CONVERSION = YES;
				CLANG_WARN_NON_LITERAL_NULL_CONVERSION = YES;
				CLANG_WARN_OBJC_LITERAL_CONVERSION = YES;
				CLANG_WARN_OBJC_ROOT_CLASS = YES_ERROR;
				CLANG_WARN_RANGE_LOOP_ANALYSIS = YES;
				CLANG_WARN_STRICT_PROTOTYPES = YES;
				CLANG_WARN_SUSPICIOUS_MOVE = YES;
				CLANG_WARN_UNGUARDED_AVAILABILITY = YES_AGGRESSIVE;
				CLANG_WARN_UNREACHABLE_CODE = YES;
				CLANG_WARN__DUPLICATE_METHOD_MATCH = YES;
				CODE_SIGN_IDENTITY = "iPhone Developer";
				COPY_PHASE_STRIP = NO;
				DEBUG_INFORMATION_FORMAT = dwarf;
				ENABLE_STRICT_OBJC_MSGSEND = YES;
				ENABLE_TESTABILITY = YES;
				GCC_C_LANGUAGE_STANDARD = gnu11;
				GCC_DYNAMIC_NO_PIC = NO;
				GCC_NO_COMMON_BLOCKS = YES;
				GCC_OPTIMIZATION_LEVEL = 0;
				GCC_PREPROCESSOR_DEFINITIONS = (
					"DEBUG=1",
					"$(inherited)",
				);
				GCC_WARN_64_TO_32_BIT_CONVERSION = YES;
				GCC_WARN_ABOUT_RETURN_TYPE = YES_ERROR;
				GCC_WARN_UNDECLARED_SELECTOR = YES;
				GCC_WARN_UNINITIALIZED_AUTOS = YES_AGGRESSIVE;
				GCC_WARN_UNUSED_FUNCTION = YES;
				GCC_WARN_UNUSED_VARIABLE = YES;
				IPHONEOS_DEPLOYMENT_TARGET = 11.0;
				MTL_ENABLE_DEBUG_INFO = YES;
				ONLY_ACTIVE_ARCH = YES;
				SDKROOT = iphoneos;
			};
			name = Debug;
		};
		5480D7092094A79E00575B8E /* Release */ = {
			isa = XCBuildConfiguration;
			buildSettings = {
				ALWAYS_SEARCH_USER_PATHS = NO;
				CLANG_ANALYZER_NONNULL = YES;
				CLANG_ANALYZER_NUMBER_OBJECT_CONVERSION = YES_AGGRESSIVE;
				CLANG_CXX_LANGUAGE_STANDARD = "gnu++14";
				CLANG_CXX_LIBRARY = "libc++";
				CLANG_ENABLE_MODULES = YES;
				CLANG_ENABLE_OBJC_ARC = YES;
				CLANG_WARN_BLOCK_CAPTURE_AUTORELEASING = YES;
				CLANG_WARN_BOOL_CONVERSION = YES;
				CLANG_WARN_COMMA = YES;
				CLANG_WARN_CONSTANT_CONVERSION = YES;
				CLANG_WARN_DIRECT_OBJC_ISA_USAGE = YES_ERROR;
				CLANG_WARN_DOCUMENTATION_COMMENTS = YES;
				CLANG_WARN_EMPTY_BODY = YES;
				CLANG_WARN_ENUM_CONVERSION = YES;
				CLANG_WARN_INFINITE_RECURSION = YES;
				CLANG_WARN_INT_CONVERSION = YES;
				CLANG_WARN_NON_LITERAL_NULL_CONVERSION = YES;
				CLANG_WARN_OBJC_LITERAL_CONVERSION = YES;
				CLANG_WARN_OBJC_ROOT_CLASS = YES_ERROR;
				CLANG_WARN_RANGE_LOOP_ANALYSIS = YES;
				CLANG_WARN_STRICT_PROTOTYPES = YES;
				CLANG_WARN_SUSPICIOUS_MOVE = YES;
				CLANG_WARN_UNGUARDED_AVAILABILITY = YES_AGGRESSIVE;
				CLANG_WARN_UNREACHABLE_CODE = YES;
				CLANG_WARN__DUPLICATE_METHOD_MATCH = YES;
				CODE_SIGN_IDENTITY = "iPhone Developer";
				COPY_PHASE_STRIP = NO;
				DEBUG_INFORMATION_FORMAT = "dwarf-with-dsym";
				ENABLE_NS_ASSERTIONS = NO;
				ENABLE_STRICT_OBJC_MSGSEND = YES;
				GCC_C_LANGUAGE_STANDARD = gnu11;
				GCC_NO_COMMON_BLOCKS = YES;
				GCC_WARN_64_TO_32_BIT_CONVERSION = YES;
				GCC_WARN_ABOUT_RETURN_TYPE = YES_ERROR;
				GCC_WARN_UNDECLARED_SELECTOR = YES;
				GCC_WARN_UNINITIALIZED_AUTOS = YES_AGGRESSIVE;
				GCC_WARN_UNUSED_FUNCTION = YES;
				GCC_WARN_UNUSED_VARIABLE = YES;
				IPHONEOS_DEPLOYMENT_TARGET = 11.0;
				MTL_ENABLE_DEBUG_INFO = NO;
				SDKROOT = iphoneos;
				VALIDATE_PRODUCT = YES;
			};
			name = Release;
		};
		5480D70B2094A79E00575B8E /* Debug */ = {
			isa = XCBuildConfiguration;
			buildSettings = {
				ASSETCATALOG_COMPILER_APPICON_NAME = AppIcon;
				CODE_SIGN_STYLE = Automatic;
				INFOPLIST_FILE = Example/Info.plist;
				IPHONEOS_DEPLOYMENT_TARGET = 9.0;
				LD_RUNPATH_SEARCH_PATHS = "$(inherited) @executable_path/Frameworks";
				PRODUCT_BUNDLE_IDENTIFIER = com.0daybug.Example;
				PRODUCT_NAME = "$(TARGET_NAME)";
				TARGETED_DEVICE_FAMILY = "1,2";
			};
			name = Debug;
		};
		5480D70C2094A79E00575B8E /* Release */ = {
			isa = XCBuildConfiguration;
			buildSettings = {
				ASSETCATALOG_COMPILER_APPICON_NAME = AppIcon;
				CODE_SIGN_STYLE = Automatic;
				INFOPLIST_FILE = Example/Info.plist;
				IPHONEOS_DEPLOYMENT_TARGET = 9.0;
				LD_RUNPATH_SEARCH_PATHS = "$(inherited) @executable_path/Frameworks";
				PRODUCT_BUNDLE_IDENTIFIER = com.0daybug.Example;
				PRODUCT_NAME = "$(TARGET_NAME)";
				TARGETED_DEVICE_FAMILY = "1,2";
			};
			name = Release;
		};
/* End XCBuildConfiguration section */

/* Begin XCConfigurationList section */
		5480D6EF2094A79E00575B8E /* Build configuration list for PBXProject "Example" */ = {
			isa = XCConfigurationList;
			buildConfigurations = (
				5480D7082094A79E00575B8E /* Debug */,
				5480D7092094A79E00575B8E /* Release */,
			);
			defaultConfigurationIsVisible = 0;
			defaultConfigurationName = Release;
		};
		5480D70A2094A79E00575B8E /* Build configuration list for PBXNativeTarget "Example" */ = {
			isa = XCConfigurationList;
			buildConfigurations = (
				5480D70B2094A79E00575B8E /* Debug */,
				5480D70C2094A79E00575B8E /* Release */,
			);
			defaultConfigurationIsVisible = 0;
			defaultConfigurationName = Release;
		};
/* End XCConfigurationList section */
	};
	rootObject = 5480D6EC2094A79E00575B8E /* Project object */;
}
